
Microsoft Visual Studio Solution File, Format Version 12.00
# Visual Studio Version 17
VisualStudioVersion = 17.7.34009.444
MinimumVisualStudioVersion = 10.0.40219.1
Project("{FAE04EC0-301F-11D3-BF4B-00C04F79EFBC}") = "Presentacion", "Presentacion\Presentacion.csproj", "{EC0E0EFF-25FC-4D7D-9048-09C1013F09C2}"
EndProject
Project("{FAE04EC0-301F-11D3-BF4B-00C04F79EFBC}") = "Entidades", "Entidades\Entidades.csproj", "{2A739DB0-D550-477B-8ACB-4B54794C07A0}"
EndProject
Project("{FAE04EC0-301F-11D3-BF4B-00C04F79EFBC}") = "Datos", "Datos\Datos.csproj", "{4677C552-A660-4375-B1F8-D498B38E8B76}"
EndProject
Project("{FAE04EC0-301F-11D3-BF4B-00C04F79EFBC}") = "Logica", "Logica\Logica.csproj", "{57B8A604-D140-4A3D-998B-3022EA8CB13C}"
EndProject
Global
	GlobalSection(SolutionConfigurationPlatforms) = preSolution
		Debug|Any CPU = Debug|Any CPU
		Release|Any CPU = Release|Any CPU
	EndGlobalSection
	GlobalSection(ProjectConfigurationPlatforms) = postSolution
		{EC0E0EFF-25FC-4D7D-9048-09C1013F09C2}.Debug|Any CPU.ActiveCfg = Debug|Any CPU
		{EC0E0EFF-25FC-4D7D-9048-09C1013F09C2}.Debug|Any CPU.Build.0 = Debug|Any CPU
		{EC0E0EFF-25FC-4D7D-9048-09C1013F09C2}.Release|Any CPU.ActiveCfg = Release|Any CPU
		{EC0E0EFF-25FC-4D7D-9048-09C1013F09C2}.Release|Any CPU.Build.0 = Release|Any CPU
		{2A739DB0-D550-477B-8ACB-4B54794C07A0}.Debug|Any CPU.ActiveCfg = Debug|Any CPU
		{2A739DB0-D550-477B-8ACB-4B54794C07A0}.Debug|Any CPU.Build.0 = Debug|Any CPU
		{2A739DB0-D550-477B-8ACB-4B54794C07A0}.Release|Any CPU.ActiveCfg = Release|Any CPU
		{2A739DB0-D550-477B-8ACB-4B54794C07A0}.Release|Any CPU.Build.0 = Release|Any CPU
		{4677C552-A660-4375-B1F8-D498B38E8B76}.Debug|Any CPU.ActiveCfg = Debug|Any CPU
		{4677C552-A660-4375-B1F8-D498B38E8B76}.Debug|Any CPU.Build.0 = Debug|Any CPU
		{4677C552-A660-4375-B1F8-D498B38E8B76}.Release|Any CPU.ActiveCfg = Release|Any CPU
		{4677C552-A660-4375-B1F8-D498B38E8B76}.Release|Any CPU.Build.0 = Release|Any CPU
		{57B8A604-D140-4A3D-998B-3022EA8CB13C}.Debug|Any CPU.ActiveCfg = Debug|Any CPU
		{57B8A604-D140-4A3D-998B-3022EA8CB13C}.Debug|Any CPU.Build.0 = Debug|Any CPU
		{57B8A604-D140-4A3D-998B-3022EA8CB13C}.Release|Any CPU.ActiveCfg = Release|Any CPU
		{57B8A604-D140-4A3D-998B-3022EA8CB13C}.Release|Any CPU.Build.0 = Release|Any CPU
	EndGlobalSection
	GlobalSection(SolutionProperties) = preSolution
		HideSolutionNode = FALSE
	EndGlobalSection
	GlobalSection(ExtensibilityGlobals) = postSolution
		SolutionGuid = {11646A24-C533-4481-A1A6-C15E2AEBD0A6}
	EndGlobalSection
EndGlobal
